
Microsoft Visual Studio Solution File, Format Version 12.00
# Visual Studio Version 16
VisualStudioVersion = 16.0.31313.79
MinimumVisualStudioVersion = 10.0.40219.1
Project("{2150E333-8FDC-42A3-9474-1A3956D46DE8}") = "src", "src", "{30275162-E5B7-49F1-99C6-01E027B66C37}"
EndProject
Project("{2150E333-8FDC-42A3-9474-1A3956D46DE8}") = "tests", "tests", "{761A6DFD-43D6-4BBE-8C90-7D70DCC6940A}"
EndProject
Project("{9A19103F-16F7-4668-BE54-9A1E7A4F7556}") = "TextManipulator", "TextManipulator\TextManipulator.csproj", "{BB0537BD-8CAB-4BD0-ADB5-0C2932E40C20}"
EndProject
Project("{9A19103F-16F7-4668-BE54-9A1E7A4F7556}") = "TextManipulator.Test", "TextManipulator.Test\TextManipulator.Test.csproj", "{DA204ED1-54B5-4920-8505-80DE325FCCAC}"
EndProject
Global
	GlobalSection(SolutionConfigurationPlatforms) = preSolution
		Debug|Any CPU = Debug|Any CPU
		Release|Any CPU = Release|Any CPU
	EndGlobalSection
	GlobalSection(ProjectConfigurationPlatforms) = postSolution
		{BB0537BD-8CAB-4BD0-ADB5-0C2932E40C20}.Debug|Any CPU.ActiveCfg = Debug|Any CPU
		{BB0537BD-8CAB-4BD0-ADB5-0C2932E40C20}.Debug|Any CPU.Build.0 = Debug|Any CPU
		{BB0537BD-8CAB-4BD0-ADB5-0C2932E40C20}.Release|Any CPU.ActiveCfg = Release|Any CPU
		{BB0537BD-8CAB-4BD0-ADB5-0C2932E40C20}.Release|Any CPU.Build.0 = Release|Any CPU
		{DA204ED1-54B5-4920-8505-80DE325FCCAC}.Debug|Any CPU.ActiveCfg = Debug|Any CPU
		{DA204ED1-54B5-4920-8505-80DE325FCCAC}.Debug|Any CPU.Build.0 = Debug|Any CPU
		{DA204ED1-54B5-4920-8505-80DE325FCCAC}.Release|Any CPU.ActiveCfg = Release|Any CPU
		{DA204ED1-54B5-4920-8505-80DE325FCCAC}.Release|Any CPU.Build.0 = Release|Any CPU
	EndGlobalSection
	GlobalSection(SolutionProperties) = preSolution
		HideSolutionNode = FALSE
	EndGlobalSection
	GlobalSection(NestedProjects) = preSolution
		{BB0537BD-8CAB-4BD0-ADB5-0C2932E40C20} = {30275162-E5B7-49F1-99C6-01E027B66C37}
		{DA204ED1-54B5-4920-8505-80DE325FCCAC} = {761A6DFD-43D6-4BBE-8C90-7D70DCC6940A}
	EndGlobalSection
	GlobalSection(ExtensibilityGlobals) = postSolution
		SolutionGuid = {71A272A9-13B2-4CD4-B24A-9D3B6558AAA7}
	EndGlobalSection
EndGlobal
